<Solution>
  <Project Path="NotificationAPI.API/NotificationAPI.API.vbproj" />
  <Project Path="NotificationAPI.Application/NotificationAPI.Application.vbproj" />
  <Project Path="NotificationAPI.Domain/NotificationAPI.Domain.vbproj" />
  <Project Path="NotificationAPI.Infrastructure/NotificationAPI.Infrastructure.vbproj" />
</Solution>
