<Solution>
  <Project Path="NotificationAPI.API/NotificationAPI.API.csproj" />
  <Project Path="NotificationAPI.Application/NotificationAPI.Application.vbproj" />
  <Project Path="NotificationAPI.Domain/NotificationAPI.Domain.vbproj" />
  <Project Path="NotificationAPI.Infrastructure/NotificationAPI.Infrastructure.csproj" />
  <Project Path="NotificationAPI.Tests/NotificationAPI.Tests.csproj" />
</Solution>
